PODS:
  - MyLibrary (0.1.0)
  - MyLibrary/Tests (0.1.0)

DEPENDENCIES:
  - MyLibrary (from `../`)
  - MyLibrary/Tests (from `../`)

EXTERNAL SOURCES:
  MyLibrary:
    :path: "../"

SPEC CHECKSUMS:
  MyLibrary: 687b99a2fff827d0233d79cb8df5916c27415ffe

PODFILE CHECKSUM: 2a5167802115d811ab4a9bfff0893c14efab3355

COCOAPODS: 1.11.2
